
Microsoft Visual Studio Solution File, Format Version 12.00
# Visual Studio Version 16
VisualStudioVersion = 16.0.30717.126
MinimumVisualStudioVersion = 10.0.40219.1
Project("{9A19103F-16F7-4668-BE54-9A1E7A4F7556}") = "Tests", "Tests\Tests.csproj", "{D7DB7581-476A-4E60-9B52-D5CE48871879}"
EndProject
Project("{FAE04EC0-301F-11D3-BF4B-00C04F79EFBC}") = "App", "App\App.csproj", "{F5CCB0EE-5478-487A-8163-B8499B488981}"
EndProject
Project("{FAE04EC0-301F-11D3-BF4B-00C04F79EFBC}") = "AppDebug", "AppDebug\AppDebug.csproj", "{96C403F6-1FAC-4A34-A1E3-E1BDEC0A9166}"
EndProject
Global
	GlobalSection(SolutionConfigurationPlatforms) = preSolution
		Debug|Any CPU = Debug|Any CPU
		Release|Any CPU = Release|Any CPU
	EndGlobalSection
	GlobalSection(ProjectConfigurationPlatforms) = postSolution
		{D7DB7581-476A-4E60-9B52-D5CE48871879}.Debug|Any CPU.ActiveCfg = Debug|Any CPU
		{D7DB7581-476A-4E60-9B52-D5CE48871879}.Debug|Any CPU.Build.0 = Debug|Any CPU
		{D7DB7581-476A-4E60-9B52-D5CE48871879}.Release|Any CPU.ActiveCfg = Release|Any CPU
		{D7DB7581-476A-4E60-9B52-D5CE48871879}.Release|Any CPU.Build.0 = Release|Any CPU
		{F5CCB0EE-5478-487A-8163-B8499B488981}.Debug|Any CPU.ActiveCfg = Debug|Any CPU
		{F5CCB0EE-5478-487A-8163-B8499B488981}.Debug|Any CPU.Build.0 = Debug|Any CPU
		{F5CCB0EE-5478-487A-8163-B8499B488981}.Release|Any CPU.ActiveCfg = Release|Any CPU
		{F5CCB0EE-5478-487A-8163-B8499B488981}.Release|Any CPU.Build.0 = Release|Any CPU
		{96C403F6-1FAC-4A34-A1E3-E1BDEC0A9166}.Debug|Any CPU.ActiveCfg = Debug|Any CPU
		{96C403F6-1FAC-4A34-A1E3-E1BDEC0A9166}.Debug|Any CPU.Build.0 = Debug|Any CPU
		{96C403F6-1FAC-4A34-A1E3-E1BDEC0A9166}.Release|Any CPU.ActiveCfg = Release|Any CPU
		{96C403F6-1FAC-4A34-A1E3-E1BDEC0A9166}.Release|Any CPU.Build.0 = Release|Any CPU
	EndGlobalSection
	GlobalSection(SolutionProperties) = preSolution
		HideSolutionNode = FALSE
	EndGlobalSection
	GlobalSection(ExtensibilityGlobals) = postSolution
		SolutionGuid = {73A7051A-F2E0-4975-80AF-09DBFC72C649}
	EndGlobalSection
EndGlobal
